
Microsoft Visual Studio Solution File, Format Version 12.00
# Visual Studio Version 17
VisualStudioVersion = 17.11.35327.3
MinimumVisualStudioVersion = 10.0.40219.1
Project("{9A19103F-16F7-4668-BE54-9A1E7A4F7556}") = "Sails.Net", "net\src\Sails.Net\Sails.Net.csproj", "{92AA0FB6-FBEB-4AB1-9541-034C3A267B5E}"
EndProject
Project("{9A19103F-16F7-4668-BE54-9A1E7A4F7556}") = "Substrate.Gear.Api", "net\src\Substrate.Gear.Api\Substrate.Gear.Api.csproj", "{DAAAEB57-08B5-434E-8339-113F9335571F}"
EndProject
Project("{9A19103F-16F7-4668-BE54-9A1E7A4F7556}") = "Sails.Remoting.Abstractions", "net\src\Sails.Remoting.Abstractions\Sails.Remoting.Abstractions.csproj", "{0442F9DE-9775-4787-866B-22869C681995}"
EndProject
Project("{9A19103F-16F7-4668-BE54-9A1E7A4F7556}") = "Sails.Remoting", "net\src\Sails.Remoting\Sails.Remoting.csproj", "{4C15C311-F328-480C-A102-3DCDC2C0AF11}"
EndProject
Project("{2150E333-8FDC-42A3-9474-1A3956D46DE8}") = "Solution Items", "Solution Items", "{17A264B0-419F-46D2-8ACE-662FB478E570}"
	ProjectSection(SolutionItems) = preProject
		net\Directory.Build.props = net\Directory.Build.props
		net\Directory.Packages.props = net\Directory.Packages.props
	EndProjectSection
EndProject
Project("{9A19103F-16F7-4668-BE54-9A1E7A4F7556}") = "Substrate.Gear.Client", "net\src\Substrate.Gear.Client\Substrate.Gear.Client.csproj", "{1589D5A4-0CC4-4855-89E0-2E61BBC5E0B0}"
EndProject
Project("{9A19103F-16F7-4668-BE54-9A1E7A4F7556}") = "Sails.Tests.Shared", "net\tests\Sails.Tests.Shared\Sails.Tests.Shared.csproj", "{382EBE9F-C60C-4D20-A585-B3272113F944}"
EndProject
Project("{9A19103F-16F7-4668-BE54-9A1E7A4F7556}") = "Sails.Remoting.Tests", "net\tests\Sails.Remoting.Tests\Sails.Remoting.Tests.csproj", "{DEEACFC0-EE4D-42E5-9616-232242913A39}"
EndProject
Project("{9A19103F-16F7-4668-BE54-9A1E7A4F7556}") = "Sails.ClientGenerator", "net\src\Sails.ClientGenerator\Sails.ClientGenerator.csproj", "{F93FFE42-71C1-44BD-9DBA-3559B307370C}"
EndProject
Project("{9A19103F-16F7-4668-BE54-9A1E7A4F7556}") = "Sails.ClientGenerator.Tests", "net\tests\Sails.ClientGenerator.Tests\Sails.ClientGenerator.Tests.csproj", "{A6A2172B-8F8F-4BDC-B519-E7299FFCCA5F}"
EndProject
Project("{2150E333-8FDC-42A3-9474-1A3956D46DE8}") = "tests", "tests", "{19594BCA-94DB-44AD-ACBC-2ACFED242E9F}"
EndProject
Project("{9A19103F-16F7-4668-BE54-9A1E7A4F7556}") = "Substrate.Gear.Client.Tests", "net\tests\Substrate.Gear.Client.Tests\Substrate.Gear.Client.Tests.csproj", "{42B621CE-C2B4-4911-961C-5B087A514AF5}"
EndProject
Project("{9A19103F-16F7-4668-BE54-9A1E7A4F7556}") = "Sails.Client.Tests", "net\tests\Sails.Client.Tests\Sails.Client.Tests.csproj", "{BC248D44-14CD-4BB0-9AF9-4E0750574492}"
EndProject
Global
	GlobalSection(SolutionConfigurationPlatforms) = preSolution
		Debug|Any CPU = Debug|Any CPU
		Release|Any CPU = Release|Any CPU
	EndGlobalSection
	GlobalSection(ProjectConfigurationPlatforms) = postSolution
		{92AA0FB6-FBEB-4AB1-9541-034C3A267B5E}.Debug|Any CPU.ActiveCfg = Debug|Any CPU
		{92AA0FB6-FBEB-4AB1-9541-034C3A267B5E}.Debug|Any CPU.Build.0 = Debug|Any CPU
		{92AA0FB6-FBEB-4AB1-9541-034C3A267B5E}.Release|Any CPU.ActiveCfg = Release|Any CPU
		{92AA0FB6-FBEB-4AB1-9541-034C3A267B5E}.Release|Any CPU.Build.0 = Release|Any CPU
		{DAAAEB57-08B5-434E-8339-113F9335571F}.Debug|Any CPU.ActiveCfg = Debug|Any CPU
		{DAAAEB57-08B5-434E-8339-113F9335571F}.Debug|Any CPU.Build.0 = Debug|Any CPU
		{DAAAEB57-08B5-434E-8339-113F9335571F}.Release|Any CPU.ActiveCfg = Release|Any CPU
		{DAAAEB57-08B5-434E-8339-113F9335571F}.Release|Any CPU.Build.0 = Release|Any CPU
		{0442F9DE-9775-4787-866B-22869C681995}.Debug|Any CPU.ActiveCfg = Debug|Any CPU
		{0442F9DE-9775-4787-866B-22869C681995}.Debug|Any CPU.Build.0 = Debug|Any CPU
		{0442F9DE-9775-4787-866B-22869C681995}.Release|Any CPU.ActiveCfg = Release|Any CPU
		{0442F9DE-9775-4787-866B-22869C681995}.Release|Any CPU.Build.0 = Release|Any CPU
		{4C15C311-F328-480C-A102-3DCDC2C0AF11}.Debug|Any CPU.ActiveCfg = Debug|Any CPU
		{4C15C311-F328-480C-A102-3DCDC2C0AF11}.Debug|Any CPU.Build.0 = Debug|Any CPU
		{4C15C311-F328-480C-A102-3DCDC2C0AF11}.Release|Any CPU.ActiveCfg = Release|Any CPU
		{4C15C311-F328-480C-A102-3DCDC2C0AF11}.Release|Any CPU.Build.0 = Release|Any CPU
		{1589D5A4-0CC4-4855-89E0-2E61BBC5E0B0}.Debug|Any CPU.ActiveCfg = Debug|Any CPU
		{1589D5A4-0CC4-4855-89E0-2E61BBC5E0B0}.Debug|Any CPU.Build.0 = Debug|Any CPU
		{1589D5A4-0CC4-4855-89E0-2E61BBC5E0B0}.Release|Any CPU.ActiveCfg = Release|Any CPU
		{1589D5A4-0CC4-4855-89E0-2E61BBC5E0B0}.Release|Any CPU.Build.0 = Release|Any CPU
		{382EBE9F-C60C-4D20-A585-B3272113F944}.Debug|Any CPU.ActiveCfg = Debug|Any CPU
		{382EBE9F-C60C-4D20-A585-B3272113F944}.Debug|Any CPU.Build.0 = Debug|Any CPU
		{382EBE9F-C60C-4D20-A585-B3272113F944}.Release|Any CPU.ActiveCfg = Release|Any CPU
		{382EBE9F-C60C-4D20-A585-B3272113F944}.Release|Any CPU.Build.0 = Release|Any CPU
		{DEEACFC0-EE4D-42E5-9616-232242913A39}.Debug|Any CPU.ActiveCfg = Debug|Any CPU
		{DEEACFC0-EE4D-42E5-9616-232242913A39}.Debug|Any CPU.Build.0 = Debug|Any CPU
		{DEEACFC0-EE4D-42E5-9616-232242913A39}.Release|Any CPU.ActiveCfg = Release|Any CPU
		{DEEACFC0-EE4D-42E5-9616-232242913A39}.Release|Any CPU.Build.0 = Release|Any CPU
		{F93FFE42-71C1-44BD-9DBA-3559B307370C}.Debug|Any CPU.ActiveCfg = Debug|Any CPU
		{F93FFE42-71C1-44BD-9DBA-3559B307370C}.Debug|Any CPU.Build.0 = Debug|Any CPU
		{F93FFE42-71C1-44BD-9DBA-3559B307370C}.Release|Any CPU.ActiveCfg = Release|Any CPU
		{F93FFE42-71C1-44BD-9DBA-3559B307370C}.Release|Any CPU.Build.0 = Release|Any CPU
		{A6A2172B-8F8F-4BDC-B519-E7299FFCCA5F}.Debug|Any CPU.ActiveCfg = Debug|Any CPU
		{A6A2172B-8F8F-4BDC-B519-E7299FFCCA5F}.Debug|Any CPU.Build.0 = Debug|Any CPU
		{A6A2172B-8F8F-4BDC-B519-E7299FFCCA5F}.Release|Any CPU.ActiveCfg = Release|Any CPU
		{A6A2172B-8F8F-4BDC-B519-E7299FFCCA5F}.Release|Any CPU.Build.0 = Release|Any CPU
		{42B621CE-C2B4-4911-961C-5B087A514AF5}.Debug|Any CPU.ActiveCfg = Debug|Any CPU
		{42B621CE-C2B4-4911-961C-5B087A514AF5}.Debug|Any CPU.Build.0 = Debug|Any CPU
		{42B621CE-C2B4-4911-961C-5B087A514AF5}.Release|Any CPU.ActiveCfg = Release|Any CPU
		{42B621CE-C2B4-4911-961C-5B087A514AF5}.Release|Any CPU.Build.0 = Release|Any CPU
		{BC248D44-14CD-4BB0-9AF9-4E0750574492}.Debug|Any CPU.ActiveCfg = Debug|Any CPU
		{BC248D44-14CD-4BB0-9AF9-4E0750574492}.Debug|Any CPU.Build.0 = Debug|Any CPU
		{BC248D44-14CD-4BB0-9AF9-4E0750574492}.Release|Any CPU.ActiveCfg = Release|Any CPU
		{BC248D44-14CD-4BB0-9AF9-4E0750574492}.Release|Any CPU.Build.0 = Release|Any CPU
	EndGlobalSection
	GlobalSection(SolutionProperties) = preSolution
		HideSolutionNode = FALSE
	EndGlobalSection
	GlobalSection(NestedProjects) = preSolution
		{DEEACFC0-EE4D-42E5-9616-232242913A39} = {19594BCA-94DB-44AD-ACBC-2ACFED242E9F}
		{A6A2172B-8F8F-4BDC-B519-E7299FFCCA5F} = {19594BCA-94DB-44AD-ACBC-2ACFED242E9F}
		{42B621CE-C2B4-4911-961C-5B087A514AF5} = {19594BCA-94DB-44AD-ACBC-2ACFED242E9F}
		{BC248D44-14CD-4BB0-9AF9-4E0750574492} = {19594BCA-94DB-44AD-ACBC-2ACFED242E9F}
	EndGlobalSection
	GlobalSection(ExtensibilityGlobals) = postSolution
		SolutionGuid = {0894C08B-8BB9-401D-8471-26F5EB5A4EA2}
	EndGlobalSection
EndGlobal
