
Microsoft Visual Studio Solution File, Format Version 12.00
# Visual Studio Version 17
VisualStudioVersion = 17.11.35327.3
MinimumVisualStudioVersion = 10.0.40219.1
Project("{9A19103F-16F7-4668-BE54-9A1E7A4F7556}") = "Sails.Net", "net\src\Sails.Net\Sails.Net.csproj", "{92AA0FB6-FBEB-4AB1-9541-034C3A267B5E}"
EndProject
Project("{9A19103F-16F7-4668-BE54-9A1E7A4F7556}") = "Substrate.Gear.Api", "net\src\Substrate.Gear.Api\Substrate.Gear.Api.csproj", "{DAAAEB57-08B5-434E-8339-113F9335571F}"
EndProject
Global
	GlobalSection(SolutionConfigurationPlatforms) = preSolution
		Debug|Any CPU = Debug|Any CPU
		Release|Any CPU = Release|Any CPU
	EndGlobalSection
	GlobalSection(ProjectConfigurationPlatforms) = postSolution
		{92AA0FB6-FBEB-4AB1-9541-034C3A267B5E}.Debug|Any CPU.ActiveCfg = Debug|Any CPU
		{92AA0FB6-FBEB-4AB1-9541-034C3A267B5E}.Debug|Any CPU.Build.0 = Debug|Any CPU
		{92AA0FB6-FBEB-4AB1-9541-034C3A267B5E}.Release|Any CPU.ActiveCfg = Release|Any CPU
		{92AA0FB6-FBEB-4AB1-9541-034C3A267B5E}.Release|Any CPU.Build.0 = Release|Any CPU
		{DAAAEB57-08B5-434E-8339-113F9335571F}.Debug|Any CPU.ActiveCfg = Debug|Any CPU
		{DAAAEB57-08B5-434E-8339-113F9335571F}.Debug|Any CPU.Build.0 = Debug|Any CPU
		{DAAAEB57-08B5-434E-8339-113F9335571F}.Release|Any CPU.ActiveCfg = Release|Any CPU
		{DAAAEB57-08B5-434E-8339-113F9335571F}.Release|Any CPU.Build.0 = Release|Any CPU
	EndGlobalSection
	GlobalSection(SolutionProperties) = preSolution
		HideSolutionNode = FALSE
	EndGlobalSection
	GlobalSection(ExtensibilityGlobals) = postSolution
		SolutionGuid = {0894C08B-8BB9-401D-8471-26F5EB5A4EA2}
	EndGlobalSection
EndGlobal
